
Microsoft Visual Studio Solution File, Format Version 12.00
# Visual Studio Version 17
VisualStudioVersion = 17.0.31903.59
MinimumVisualStudioVersion = 10.0.40219.1
Project("{FAE04EC0-301F-11D3-BF4B-00C04F79EFBC}") = "AkkaWordCounter2.App", "AkkaWordCounter2.App\AkkaWordCounter2.App.csproj", "{02578D3C-F76B-4EDD-AAC2-7A354987D694}"
EndProject
Project("{FAE04EC0-301F-11D3-BF4B-00C04F79EFBC}") = "AkkaWordCounter2.App.Test", "AkkaWordCounter2.App.Test\AkkaWordCounter2.App.Test.csproj", "{47F1BE4E-400E-45DE-9461-58795BB80CC5}"
EndProject
Global
	GlobalSection(SolutionConfigurationPlatforms) = preSolution
		Debug|Any CPU = Debug|Any CPU
		Debug|x64 = Debug|x64
		Debug|x86 = Debug|x86
		Release|Any CPU = Release|Any CPU
		Release|x64 = Release|x64
		Release|x86 = Release|x86
	EndGlobalSection
	GlobalSection(ProjectConfigurationPlatforms) = postSolution
		{02578D3C-F76B-4EDD-AAC2-7A354987D694}.Debug|Any CPU.ActiveCfg = Debug|Any CPU
		{02578D3C-F76B-4EDD-AAC2-7A354987D694}.Debug|Any CPU.Build.0 = Debug|Any CPU
		{02578D3C-F76B-4EDD-AAC2-7A354987D694}.Debug|x64.ActiveCfg = Debug|Any CPU
		{02578D3C-F76B-4EDD-AAC2-7A354987D694}.Debug|x64.Build.0 = Debug|Any CPU
		{02578D3C-F76B-4EDD-AAC2-7A354987D694}.Debug|x86.ActiveCfg = Debug|Any CPU
		{02578D3C-F76B-4EDD-AAC2-7A354987D694}.Debug|x86.Build.0 = Debug|Any CPU
		{02578D3C-F76B-4EDD-AAC2-7A354987D694}.Release|Any CPU.ActiveCfg = Release|Any CPU
		{02578D3C-F76B-4EDD-AAC2-7A354987D694}.Release|Any CPU.Build.0 = Release|Any CPU
		{02578D3C-F76B-4EDD-AAC2-7A354987D694}.Release|x64.ActiveCfg = Release|Any CPU
		{02578D3C-F76B-4EDD-AAC2-7A354987D694}.Release|x64.Build.0 = Release|Any CPU
		{02578D3C-F76B-4EDD-AAC2-7A354987D694}.Release|x86.ActiveCfg = Release|Any CPU
		{02578D3C-F76B-4EDD-AAC2-7A354987D694}.Release|x86.Build.0 = Release|Any CPU
		{47F1BE4E-400E-45DE-9461-58795BB80CC5}.Debug|Any CPU.ActiveCfg = Debug|Any CPU
		{47F1BE4E-400E-45DE-9461-58795BB80CC5}.Debug|Any CPU.Build.0 = Debug|Any CPU
		{47F1BE4E-400E-45DE-9461-58795BB80CC5}.Debug|x64.ActiveCfg = Debug|Any CPU
		{47F1BE4E-400E-45DE-9461-58795BB80CC5}.Debug|x64.Build.0 = Debug|Any CPU
		{47F1BE4E-400E-45DE-9461-58795BB80CC5}.Debug|x86.ActiveCfg = Debug|Any CPU
		{47F1BE4E-400E-45DE-9461-58795BB80CC5}.Debug|x86.Build.0 = Debug|Any CPU
		{47F1BE4E-400E-45DE-9461-58795BB80CC5}.Release|Any CPU.ActiveCfg = Release|Any CPU
		{47F1BE4E-400E-45DE-9461-58795BB80CC5}.Release|Any CPU.Build.0 = Release|Any CPU
		{47F1BE4E-400E-45DE-9461-58795BB80CC5}.Release|x64.ActiveCfg = Release|Any CPU
		{47F1BE4E-400E-45DE-9461-58795BB80CC5}.Release|x64.Build.0 = Release|Any CPU
		{47F1BE4E-400E-45DE-9461-58795BB80CC5}.Release|x86.ActiveCfg = Release|Any CPU
		{47F1BE4E-400E-45DE-9461-58795BB80CC5}.Release|x86.Build.0 = Release|Any CPU
	EndGlobalSection
	GlobalSection(SolutionProperties) = preSolution
		HideSolutionNode = FALSE
	EndGlobalSection
	GlobalSection(ExtensibilityGlobals) = postSolution
		SolutionGuid = {351843B4-B5DA-4D3C-A3C2-74060DA490F5}
	EndGlobalSection
EndGlobal
